
Microsoft Visual Studio Solution File, Format Version 12.00
# Visual Studio Version 17
VisualStudioVersion = 17.14.37411.7 d17.14
MinimumVisualStudioVersion = 10.0.40219.1
Project("{FAE04EC0-301F-11D3-BF4B-00C04F79EFBC}") = "AudioPlayer_Net9", "AudioPlayer_Net9\AudioPlayer_Net9.csproj", "{10DC97D6-603B-45A2-ADEE-0D994D8F8141}"
EndProject
Global
	GlobalSection(SolutionConfigurationPlatforms) = preSolution
		Debug|Any CPU = Debug|Any CPU
		Release|Any CPU = Release|Any CPU
	EndGlobalSection
	GlobalSection(ProjectConfigurationPlatforms) = postSolution
		{10DC97D6-603B-45A2-ADEE-0D994D8F8141}.Debug|Any CPU.ActiveCfg = Debug|Any CPU
		{10DC97D6-603B-45A2-ADEE-0D994D8F8141}.Debug|Any CPU.Build.0 = Debug|Any CPU
		{10DC97D6-603B-45A2-ADEE-0D994D8F8141}.Release|Any CPU.ActiveCfg = Release|Any CPU
		{10DC97D6-603B-45A2-ADEE-0D994D8F8141}.Release|Any CPU.Build.0 = Release|Any CPU
	EndGlobalSection
	GlobalSection(SolutionProperties) = preSolution
		HideSolutionNode = FALSE
	EndGlobalSection
	GlobalSection(ExtensibilityGlobals) = postSolution
		SolutionGuid = {3B524480-9B44-4337-80FB-64F5D0917FEB}
	EndGlobalSection
EndGlobal
